# THIS IS AN AUTOGENERATED FILE. DO NOT EDIT THIS FILE DIRECTLY.
# yarn lockfile v1


"@stimulus/core@^2.0.0":
  version "2.0.0"
  resolved "https://registry.yarnpkg.com/@stimulus/core/-/core-2.0.0.tgz#140c85318d6a8a8210c0faf182223b8459348877"
  integrity sha512-ff70GafKtzc8zQ1/cG+UvL06GcifPWovf2wBEdjLMh9xO2GOYURO3y2RYgzIGYUIBefQwyfX2CLfJdZFJrEPTw==
  dependencies:
    "@stimulus/mutation-observers" "^2.0.0"

"@stimulus/multimap@^2.0.0":
  version "2.0.0"
  resolved "https://registry.yarnpkg.com/@stimulus/multimap/-/multimap-2.0.0.tgz#420cfa096ed6538df4a91dbd2b2842c1779952b2"
  integrity sha512-pMBCewkZCFVB3e5mEMoyO9+9aKzHDITmf3OnPun51YWxlcPdHcwbjqm1ylK63fsoduIE+RowBpFwFqd3poEz4w==

"@stimulus/mutation-observers@^2.0.0":
  version "2.0.0"
  resolved "https://registry.yarnpkg.com/@stimulus/mutation-observers/-/mutation-observers-2.0.0.tgz#3dbe37453bda47a6c795a90204ee8d77a799fb87"
  integrity sha512-kx4VAJdPhIGBQKGIoUDC2tupEKorG3A+ckc2b1UiwInKTMAC1axOHU8ebcwhaJIxRqIrs8//4SJo9YAAOx6FEg==
  dependencies:
    "@stimulus/multimap" "^2.0.0"

"@stimulus/webpack-helpers@^2.0.0":
  version "2.0.0"
  resolved "https://registry.yarnpkg.com/@stimulus/webpack-helpers/-/webpack-helpers-2.0.0.tgz#54296d2a2dffd4f962d2e802d99a3fdd84b8845f"
  integrity sha512-D6tJWsAC024MwGEIKlUVYU8Ln87mlrmiwHvYAjipg+s8H4eLxUMQ3PZkWyPevfipH+oR3leuHsjYsK1gN5ViQA==

"@symfony/stimulus-bridge@^2.0.0":
  version "2.1.0"
  resolved "https://registry.yarnpkg.com/@symfony/stimulus-bridge/-/stimulus-bridge-2.1.0.tgz#d5cf8c29847fd42f40a8a6464e057a1def05ced9"
  integrity sha512-vuSV1rfNCJ4gILDs3fKIlXvPAL54fRwWljpepqHiPGnHHRiqMydRtMeeqC5EZQ2hKrO9E49iqEJx0xNgAq5tVg==
  dependencies:
    acorn "^8.0.5"
    loader-utils "^2.0.0"
    schema-utils "^3.0.0"

"@types/json-schema@^7.0.8":
  version "7.0.9"
  resolved "https://registry.yarnpkg.com/@types/json-schema/-/json-schema-7.0.9.tgz#97edc9037ea0c38585320b28964dde3b39e4660d"
  integrity sha512-qcUXuemtEu+E5wZSJHNxUXeCZhAfXKQ41D+duX+VYPde7xyEVZci+/oXKJL13tnRs9lR2pr4fod59GT6/X1/yQ==

acorn@^8.0.5:
  version "8.4.1"
  resolved "https://registry.yarnpkg.com/acorn/-/acorn-8.4.1.tgz#56c36251fc7cabc7096adc18f05afe814321a28c"
  integrity sha512-asabaBSkEKosYKMITunzX177CXxQ4Q8BSSzMTKD+FefUhipQC70gfW5SiUDhYQ3vk8G+81HqQk7Fv9OXwwn9KA==

ajv-keywords@^3.5.2:
  version "3.5.2"
  resolved "https://registry.yarnpkg.com/ajv-keywords/-/ajv-keywords-3.5.2.tgz#31f29da5ab6e00d1c2d329acf7b5929614d5014d"
  integrity sha512-5p6WTN0DdTGVQk6VjcEju19IgaHudalcfabD7yhDGeA6bcQnmL+CpveLJq/3hvfwd1aof6L386Ougkx6RfyMIQ==

ajv@^6.12.5:
  version "6.12.6"
  resolved "https://registry.yarnpkg.com/ajv/-/ajv-6.12.6.tgz#baf5a62e802b07d977034586f8c3baf5adf26df4"
  integrity sha512-j3fVLgvTo527anyYyJOGTYJbG+vnnQYvE0m5mmkc1TK+nxAppkCLMIL0aZ4dblVCNoGShhm+kzE4ZUykBoMg4g==
  dependencies:
    fast-deep-equal "^3.1.1"
    fast-json-stable-stringify "^2.0.0"
    json-schema-traverse "^0.4.1"
    uri-js "^4.2.2"

ansi-regex@^5.0.0:
  version "5.0.0"
  resolved "https://registry.yarnpkg.com/ansi-regex/-/ansi-regex-5.0.0.tgz#388539f55179bf39339c81af30a654d69f87cb75"
  integrity sha512-bY6fj56OUQ0hU1KjFNDQuJFezqKdrAyFdIevADiqrWHwSlbmBNMHp5ak2f40Pm8JTFyM2mqxkG6ngkHO11f/lg==

anymatch@~3.1.2:
  version "3.1.2"
  resolved "https://registry.yarnpkg.com/anymatch/-/anymatch-3.1.2.tgz#c0557c096af32f106198f4f4e2a383537e378716"
  integrity sha512-P43ePfOAIupkguHUycrc4qJ9kz8ZiuOUijaETwX7THt0Y/GNK7v0aa8rY816xWjZ7rJdA5XdMcpVFTKMq+RvWg==
  dependencies:
    normalize-path "^3.0.0"
    picomatch "^2.0.4"

big.js@^5.2.2:
  version "5.2.2"
  resolved "https://registry.yarnpkg.com/big.js/-/big.js-5.2.2.tgz#65f0af382f578bcdc742bd9c281e9cb2d7768328"
  integrity sha512-vyL2OymJxmarO8gxMr0mhChsO9QGwhynfuu4+MHTAW6czfq9humCB7rKpUjDd9YUiDPU4mzpyupFSvOClAwbmQ==

binary-extensions@^2.0.0:
  version "2.2.0"
  resolved "https://registry.yarnpkg.com/binary-extensions/-/binary-extensions-2.2.0.tgz#75f502eeaf9ffde42fc98829645be4ea76bd9e2d"
  integrity sha512-jDctJ/IVQbZoJykoeHbhXpOlNBqGNcwXJKJog42E5HDPUwQTSdjCHdihjj0DlnheQ7blbT6dHOafNAiS8ooQKA==

braces@~3.0.2:
  version "3.0.2"
  resolved "https://registry.yarnpkg.com/braces/-/braces-3.0.2.tgz#3454e1a462ee8d599e236df336cd9ea4f8afe107"
  integrity sha512-b8um+L1RzM3WDSzvhm6gIz1yfTbBt6YTlcEKAvsmqCZZFw46z626lVj9j1yEPW33H5H+lBQpZMP1k8l+78Ha0A==
  dependencies:
    fill-range "^7.0.1"

bs-custom-file-input@^1.3.4:
  version "1.3.4"
  resolved "https://registry.yarnpkg.com/bs-custom-file-input/-/bs-custom-file-input-1.3.4.tgz#c275cb8d4f1c02ba026324292509fa9a747dbda8"
  integrity sha512-NBsQzTnef3OW1MvdKBbMHAYHssCd613MSeJV7z2McXznWtVMnJCy7Ckyc+PwxV6Pk16cu6YBcYWh/ZE0XWNKCA==

"chokidar@>=3.0.0 <4.0.0":
  version "3.5.2"
  resolved "https://registry.yarnpkg.com/chokidar/-/chokidar-3.5.2.tgz#dba3976fcadb016f66fd365021d91600d01c1e75"
  integrity sha512-ekGhOnNVPgT77r4K/U3GDhu+FQ2S8TnK/s2KbIGXi0SZWuwkZ2QNyfWdZW+TVfn84DpEP7rLeCt2UI6bJ8GwbQ==
  dependencies:
    anymatch "~3.1.2"
    braces "~3.0.2"
    glob-parent "~5.1.2"
    is-binary-path "~2.1.0"
    is-glob "~4.0.1"
    normalize-path "~3.0.0"
    readdirp "~3.6.0"
  optionalDependencies:
    fsevents "~2.3.2"

core-js@^3.0.0:
  version "3.16.0"
  resolved "https://registry.yarnpkg.com/core-js/-/core-js-3.16.0.tgz#1d46fb33720bc1fa7f90d20431f36a5540858986"
  integrity sha512-5+5VxRFmSf97nM8Jr2wzOwLqRo6zphH2aX+7KsAUONObyzakDNq2G/bgbhinxB4PoV9L3aXQYhiDKyIKWd2c8g==

emojis-list@^3.0.0:
  version "3.0.0"
  resolved "https://registry.yarnpkg.com/emojis-list/-/emojis-list-3.0.0.tgz#5570662046ad29e2e916e71aae260abdff4f6a78"
  integrity sha512-/kyM18EfinwXZbno9FyUGeFh87KC8HRQBQGildHZbEuRyWFOmv1U10o9BBp8XVZDVNNuQKyIGIu5ZYAAXJ0V2Q==

fast-deep-equal@^3.1.1:
  version "3.1.3"
  resolved "https://registry.yarnpkg.com/fast-deep-equal/-/fast-deep-equal-3.1.3.tgz#3a7d56b559d6cbc3eb512325244e619a65c6c525"
  integrity sha512-f3qQ9oQy9j2AhBe/H9VC91wLmKBCCU/gDOnKNAYG5hswO7BLKj09Hc5HYNz9cGI++xlpDCIgDaitVs03ATR84Q==

fast-json-stable-stringify@^2.0.0:
  version "2.1.0"
  resolved "https://registry.yarnpkg.com/fast-json-stable-stringify/-/fast-json-stable-stringify-2.1.0.tgz#874bf69c6f404c2b5d99c481341399fd55892633"
  integrity sha512-lhd/wF+Lk98HZoTCtlVraHtfh5XYijIjalXck7saUtuanSDyLMxnHhSXEDJqHxD7msR8D0uCmqlkwjCV8xvwHw==

fill-range@^7.0.1:
  version "7.0.1"
  resolved "https://registry.yarnpkg.com/fill-range/-/fill-range-7.0.1.tgz#1919a6a7c75fe38b2c7c77e5198535da9acdda40"
  integrity sha512-qOo9F+dMUmC2Lcb4BbVvnKJxTPjCm+RRpe4gDuGrzkL7mEVl/djYSu2OdQ2Pa302N4oqkSg9ir6jaLWJ2USVpQ==
  dependencies:
    to-regex-range "^5.0.1"

fsevents@~2.3.2:
  version "2.3.2"
  resolved "https://registry.yarnpkg.com/fsevents/-/fsevents-2.3.2.tgz#8a526f78b8fdf4623b709e0b975c52c24c02fd1a"
  integrity sha512-xiqMQR4xAeHTuB9uWm+fFRcIOgKBMiOBP+eXiyT7jsgVCq1bkVygt00oASowB7EdtpOHaaPgKt812P9ab+DDKA==

glob-parent@~5.1.2:
  version "5.1.2"
  resolved "https://registry.yarnpkg.com/glob-parent/-/glob-parent-5.1.2.tgz#869832c58034fe68a4093c17dc15e8340d8401c4"
  integrity sha512-AOIgSQCepiJYwP3ARnGx+5VnTu2HBYdzbGP45eLw1vr3zB3vZLeyed1sC9hnbcOc9/SrMyM5RPQrkGz4aS9Zow==
  dependencies:
    is-glob "^4.0.1"

growly@^1.3.0:
  version "1.3.0"
  resolved "https://registry.yarnpkg.com/growly/-/growly-1.3.0.tgz#f10748cbe76af964b7c96c93c6bcc28af120c081"
  integrity sha1-8QdIy+dq+WS3yWyTxrzCivEgwIE=

is-binary-path@~2.1.0:
  version "2.1.0"
  resolved "https://registry.yarnpkg.com/is-binary-path/-/is-binary-path-2.1.0.tgz#ea1f7f3b80f064236e83470f86c09c254fb45b09"
  integrity sha512-ZMERYes6pDydyuGidse7OsHxtbI7WVeUEozgR/g7rd0xUimYNlvZRE/K2MgZTjWy725IfelLeVcEM97mmtRGXw==
  dependencies:
    binary-extensions "^2.0.0"

is-docker@^2.0.0:
  version "2.2.1"
  resolved "https://registry.yarnpkg.com/is-docker/-/is-docker-2.2.1.tgz#33eeabe23cfe86f14bde4408a02c0cfb853acdaa"
  integrity sha512-F+i2BKsFrH66iaUFc0woD8sLy8getkwTwtOBjvs56Cx4CgJDeKQeqfz8wAYiSb8JOprWhHH5p77PbmYCvvUuXQ==

is-extglob@^2.1.1:
  version "2.1.1"
  resolved "https://registry.yarnpkg.com/is-extglob/-/is-extglob-2.1.1.tgz#a88c02535791f02ed37c76a1b9ea9773c833f8c2"
  integrity sha1-qIwCU1eR8C7TfHahueqXc8gz+MI=

is-glob@^4.0.1, is-glob@~4.0.1:
  version "4.0.1"
  resolved "https://registry.yarnpkg.com/is-glob/-/is-glob-4.0.1.tgz#7567dbe9f2f5e2467bc77ab83c4a29482407a5dc"
  integrity sha512-5G0tKtBTFImOqDnLB2hG6Bp2qcKEFduo4tZu9MT/H6NQv/ghhy30o55ufafxJ/LdH79LLs2Kfrn85TLKyA7BUg==
  dependencies:
    is-extglob "^2.1.1"

is-number@^7.0.0:
  version "7.0.0"
  resolved "https://registry.yarnpkg.com/is-number/-/is-number-7.0.0.tgz#7535345b896734d5f80c4d06c50955527a14f12b"
  integrity sha512-41Cifkg6e8TylSpdtTpeLVMqvSBEVzTttHvERD741+pnZ8ANv0004MRL43QKPDlK9cGvNp6NZWZUBlbGXYxxng==

is-wsl@^2.2.0:
  version "2.2.0"
  resolved "https://registry.yarnpkg.com/is-wsl/-/is-wsl-2.2.0.tgz#74a4c76e77ca9fd3f932f290c17ea326cd157271"
  integrity sha512-fKzAra0rGJUUBwGBgNkHZuToZcn+TtXHpeCgmkMJMMYx1sQDYaCSyjJBSCa2nH1DGm7s3n1oBnohoVTBaN7Lww==
  dependencies:
    is-docker "^2.0.0"

isexe@^2.0.0:
  version "2.0.0"
  resolved "https://registry.yarnpkg.com/isexe/-/isexe-2.0.0.tgz#e8fbf374dc556ff8947a10dcb0572d633f2cfa10"
  integrity sha1-6PvzdNxVb/iUehDcsFctYz8s+hA=

jquery@^3.6.0:
  version "3.6.0"
  resolved "https://registry.yarnpkg.com/jquery/-/jquery-3.6.0.tgz#c72a09f15c1bdce142f49dbf1170bdf8adac2470"
  integrity sha512-JVzAR/AjBvVt2BmYhxRCSYysDsPcssdmTFnzyLEts9qNwmjmu4JTAMYubEfwVOSwpQ1I1sKKFcxhZCI2buerfw==

json-schema-traverse@^0.4.1:
  version "0.4.1"
  resolved "https://registry.yarnpkg.com/json-schema-traverse/-/json-schema-traverse-0.4.1.tgz#69f6a87d9513ab8bb8fe63bdb0979c448e684660"
  integrity sha512-xbbCH5dCYU5T8LcEhhuh7HJ88HXuW3qsI3Y0zOZFKfZEHcpWiHU/Jxzk629Brsab/mMiHQti9wMP+845RPe3Vg==

json5@^2.1.2:
  version "2.2.0"
  resolved "https://registry.yarnpkg.com/json5/-/json5-2.2.0.tgz#2dfefe720c6ba525d9ebd909950f0515316c89a3"
  integrity sha512-f+8cldu7X/y7RAJurMEJmdoKXGB/X550w2Nr3tTbezL6RwEE/iMcm+tZnXeoZtKuOq6ft8+CqzEkrIgx1fPoQA==
  dependencies:
    minimist "^1.2.5"

klona@^2.0.4:
  version "2.0.4"
  resolved "https://registry.yarnpkg.com/klona/-/klona-2.0.4.tgz#7bb1e3affb0cb8624547ef7e8f6708ea2e39dfc0"
  integrity sha512-ZRbnvdg/NxqzC7L9Uyqzf4psi1OM4Cuc+sJAkQPjO6XkQIJTNbfK2Rsmbw8fx1p2mkZdp2FZYo2+LwXYY/uwIA==

loader-utils@^2.0.0:
  version "2.0.0"
  resolved "https://registry.yarnpkg.com/loader-utils/-/loader-utils-2.0.0.tgz#e4cace5b816d425a166b5f097e10cd12b36064b0"
  integrity sha512-rP4F0h2RaWSvPEkD7BLDFQnvSf+nK+wr3ESUjNTyAGobqrijmW92zc+SO6d4p4B1wh7+B/Jg1mkQe5NYUEHtHQ==
  dependencies:
    big.js "^5.2.2"
    emojis-list "^3.0.0"
    json5 "^2.1.2"

lru-cache@^6.0.0:
  version "6.0.0"
  resolved "https://registry.yarnpkg.com/lru-cache/-/lru-cache-6.0.0.tgz#6d6fe6570ebd96aaf90fcad1dafa3b2566db3a94"
  integrity sha512-Jo6dJ04CmSjuznwJSS3pUeWmd/H0ffTlkXXgwZi+eq1UCmqQwCh+eLsYOYCwY991i2Fah4h1BEMCx4qThGbsiA==
  dependencies:
    yallist "^4.0.0"

minimist@^1.2.5:
  version "1.2.5"
  resolved "https://registry.yarnpkg.com/minimist/-/minimist-1.2.5.tgz#67d66014b66a6a8aaa0c083c5fd58df4e4e97602"
  integrity sha512-FM9nNUYrRBAELZQT3xeZQ7fmMOBg6nWNmJKTcgsJeaLstP/UODVpGsr5OhXhhXg6f+qtJ8uiZ+PUxkDWcgIXLw==

neo-async@^2.6.2:
  version "2.6.2"
  resolved "https://registry.yarnpkg.com/neo-async/-/neo-async-2.6.2.tgz#b4aafb93e3aeb2d8174ca53cf163ab7d7308305f"
  integrity sha512-Yd3UES5mWCSqR+qNT93S3UoYUkqAZ9lLg8a7g9rimsWmYGK8cVToA4/sF3RrshdyV3sAGMXVUmpMYOw+dLpOuw==

node-notifier@^9.0.0:
  version "9.0.1"
  resolved "https://registry.yarnpkg.com/node-notifier/-/node-notifier-9.0.1.tgz#cea837f4c5e733936c7b9005e6545cea825d1af4"
  integrity sha512-fPNFIp2hF/Dq7qLDzSg4vZ0J4e9v60gJR+Qx7RbjbWqzPDdEqeVpEx5CFeDAELIl+A/woaaNn1fQ5nEVerMxJg==
  dependencies:
    growly "^1.3.0"
    is-wsl "^2.2.0"
    semver "^7.3.2"
    shellwords "^0.1.1"
    uuid "^8.3.0"
    which "^2.0.2"

normalize-path@^3.0.0, normalize-path@~3.0.0:
  version "3.0.0"
  resolved "https://registry.yarnpkg.com/normalize-path/-/normalize-path-3.0.0.tgz#0dcd69ff23a1c9b11fd0978316644a0388216a65"
  integrity sha512-6eZs5Ls3WtCisHWp9S2GUy8dqkpGi4BVSz3GaqiE6ezub0512ESztXUwUB6C6IKbQkY2Pnb/mD4WYojCRwcwLA==

picomatch@^2.0.4, picomatch@^2.2.1:
  version "2.3.0"
  resolved "https://registry.yarnpkg.com/picomatch/-/picomatch-2.3.0.tgz#f1f061de8f6a4bf022892e2d128234fb98302972"
  integrity sha512-lY1Q/PiJGC2zOv/z391WOTD+Z02bCgsFfvxoXXf6h7kv9o+WmsmzYqrAwY63sNgOxE4xEdq0WyUnXfKeBrSvYw==

popper.js@^1.16.1:
  version "1.16.1"
  resolved "https://registry.yarnpkg.com/popper.js/-/popper.js-1.16.1.tgz#2a223cb3dc7b6213d740e40372be40de43e65b1b"
  integrity sha512-Wb4p1J4zyFTbM+u6WuO4XstYx4Ky9Cewe4DWrel7B0w6VVICvPwdOpotjzcf6eD8TsckVnIMNONQyPIUFOUbCQ==

punycode@^2.1.0:
  version "2.1.1"
  resolved "https://registry.yarnpkg.com/punycode/-/punycode-2.1.1.tgz#b58b010ac40c22c5657616c8d2c2c02c7bf479ec"
  integrity sha512-XRsRjdf+j5ml+y/6GKHPZbrF/8p2Yga0JPtdqTIY2Xe5ohJPD9saDJJLPvp9+NSBprVvevdXZybnj2cv8OEd0A==

readdirp@~3.6.0:
  version "3.6.0"
  resolved "https://registry.yarnpkg.com/readdirp/-/readdirp-3.6.0.tgz#74a370bd857116e245b29cc97340cd431a02a6c7"
  integrity sha512-hOS089on8RduqdbhvQ5Z37A0ESjsqz6qnRcffsMU3495FuTdqSm+7bhJ29JvIOsBDEEnan5DPu9t3To9VRlMzA==
  dependencies:
    picomatch "^2.2.1"

regenerator-runtime@^0.13.2:
  version "0.13.9"
  resolved "https://registry.yarnpkg.com/regenerator-runtime/-/regenerator-runtime-0.13.9.tgz#8925742a98ffd90814988d7566ad30ca3b263b52"
  integrity sha512-p3VT+cOEgxFsRRA9X4lkI1E+k2/CtnKtU4gcxyaCUreilL/vqI6CdZ3wxVUx3UOUg+gnUOQQcRI7BmSI656MYA==

sass-loader@12.0.0:
  version "12.0.0"
  resolved "https://registry.yarnpkg.com/sass-loader/-/sass-loader-12.0.0.tgz#ba91df5725cb9676c8e0937002a647ab011eb94a"
  integrity sha512-LJQMyDdNdhcvoO2gJFw7KpTaioVFDeRJOuatRDUNgCIqyu4s4kgDsNofdGzAZB1zFOgo/p3fy+aR/uGXamcJBg==
  dependencies:
    klona "^2.0.4"
    neo-async "^2.6.2"

sass@^1.37.5:
  version "1.37.5"
  resolved "https://registry.yarnpkg.com/sass/-/sass-1.37.5.tgz#f6838351f7cc814c4fcfe1d9a20e0cabbd1e7b3c"
  integrity sha512-Cx3ewxz9QB/ErnVIiWg2cH0kiYZ0FPvheDTVC6BsiEGBTZKKZJ1Gq5Kq6jy3PKtL6+EJ8NIoaBW/RSd2R6cZOA==
  dependencies:
    chokidar ">=3.0.0 <4.0.0"

schema-utils@^3.0.0:
  version "3.1.1"
  resolved "https://registry.yarnpkg.com/schema-utils/-/schema-utils-3.1.1.tgz#bc74c4b6b6995c1d88f76a8b77bea7219e0c8281"
  integrity sha512-Y5PQxS4ITlC+EahLuXaY86TXfR7Dc5lw294alXOq86JAHCihAIZfqv8nNCWvaEJvaC51uN9hbLGeV0cFBdH+Fw==
  dependencies:
    "@types/json-schema" "^7.0.8"
    ajv "^6.12.5"
    ajv-keywords "^3.5.2"

semver@^7.3.2:
  version "7.3.5"
  resolved "https://registry.yarnpkg.com/semver/-/semver-7.3.5.tgz#0b621c879348d8998e4b0e4be94b3f12e6018ef7"
  integrity sha512-PoeGJYh8HK4BTO/a9Tf6ZG3veo/A7ZVsYrSA6J8ny9nb3B1VrpkuN+z9OE5wfE5p6H4LchYZsegiQgbJD94ZFQ==
  dependencies:
    lru-cache "^6.0.0"

shellwords@^0.1.1:
  version "0.1.1"
  resolved "https://registry.yarnpkg.com/shellwords/-/shellwords-0.1.1.tgz#d6b9181c1a48d397324c84871efbcfc73fc0654b"
  integrity sha512-vFwSUfQvqybiICwZY5+DAWIPLKsWO31Q91JSKl3UYv+K5c2QRPzn0qzec6QPu1Qc9eHYItiP3NdJqNVqetYAww==

stimulus@^2.0.0:
  version "2.0.0"
  resolved "https://registry.yarnpkg.com/stimulus/-/stimulus-2.0.0.tgz#713c8b91a72ef90914b90955f0e705f004403047"
  integrity sha512-xipy7BS5TVpg4fX6S8LhrYZp7cmHGjmk09WSAiVx1gF5S5g43IWsuetfUhIk8HfHUG+4MQ9nY0FQz4dRFLs/8w==
  dependencies:
    "@stimulus/core" "^2.0.0"
    "@stimulus/webpack-helpers" "^2.0.0"

strip-ansi@^6.0.0:
  version "6.0.0"
  resolved "https://registry.yarnpkg.com/strip-ansi/-/strip-ansi-6.0.0.tgz#0b1571dd7669ccd4f3e06e14ef1eed26225ae532"
  integrity sha512-AuvKTrTfQNYNIctbR1K/YGTR1756GycPsg7b9bdV9Duqur4gv6aKqHXah67Z8ImS7WEz5QVcOtlfW2rZEugt6w==
  dependencies:
    ansi-regex "^5.0.0"

to-regex-range@^5.0.1:
  version "5.0.1"
  resolved "https://registry.yarnpkg.com/to-regex-range/-/to-regex-range-5.0.1.tgz#1648c44aae7c8d988a326018ed72f5b4dd0392e4"
  integrity sha512-65P7iz6X5yEr1cwcgvQxbbIw7Uk3gOy5dIdtZ4rDveLqhrdJP+Li/Hx6tyK0NEb+2GCyneCMJiGqrADCSNk8sQ==
  dependencies:
    is-number "^7.0.0"

uri-js@^4.2.2:
  version "4.4.1"
  resolved "https://registry.yarnpkg.com/uri-js/-/uri-js-4.4.1.tgz#9b1a52595225859e55f669d928f88c6c57f2a77e"
  integrity sha512-7rKUyy33Q1yc98pQ1DAmLtwX109F7TIfWlW1Ydo8Wl1ii1SeHieeh0HHfPeL2fMXK6z0s8ecKs9frCuLJvndBg==
  dependencies:
    punycode "^2.1.0"

uuid@^8.3.0:
  version "8.3.2"
  resolved "https://registry.yarnpkg.com/uuid/-/uuid-8.3.2.tgz#80d5b5ced271bb9af6c445f21a1a04c606cefbe2"
  integrity sha512-+NYs2QeMWy+GWFOEm9xnn6HCDp0l7QBD7ml8zLUmJ+93Q5NF0NocErnwkTkXVFNiX3/fpC6afS8Dhb/gz7R7eg==

webpack-notifier@^1.6.0:
  version "1.13.0"
  resolved "https://registry.yarnpkg.com/webpack-notifier/-/webpack-notifier-1.13.0.tgz#24e43d00ee47032f047373ca291b2d1f543ec12d"
  integrity sha512-QLk6l/TZKGhyN6Hd1zobaiYno7S9YPX3wH86+YOSufHes77SegGhnGdj+4vrLDFK5A4ZKoQD5GRXXFnM0h0N8A==
  dependencies:
    node-notifier "^9.0.0"
    strip-ansi "^6.0.0"

which@^2.0.2:
  version "2.0.2"
  resolved "https://registry.yarnpkg.com/which/-/which-2.0.2.tgz#7c6a8dd0a636a0327e10b59c9286eee93f3f51b1"
  integrity sha512-BLI3Tl1TW3Pvl70l3yq3Y64i+awpwXqsGBYWkkqMtnbXgrMD+yj7rhW0kuEDxzJaYXGjEW5ogapKNMEKNMjibA==
  dependencies:
    isexe "^2.0.0"

yallist@^4.0.0:
  version "4.0.0"
  resolved "https://registry.yarnpkg.com/yallist/-/yallist-4.0.0.tgz#9bb92790d9c0effec63be73519e11a35019a3a72"
  integrity sha512-3wdGidZyq5PB084XLES5TpOSRA3wjXAlIWMhum2kRcv/41Sn2emQ0dycQW4uZXLejwKvg6EsvbdlVL+FYEct7A==
